
Microsoft Visual Studio Solution File, Format Version 12.00
# Visual Studio Version 17
VisualStudioVersion = 17.0.31912.275
MinimumVisualStudioVersion = 10.0.40219.1
Project("{FAE04EC0-301F-11D3-BF4B-00C04F79EFBC}") = "Superdepth", "Superdepth\Superdepth.csproj", "{F163199C-39E5-47E1-BF31-B15A59E02032}"
EndProject
Global
	GlobalSection(SolutionConfigurationPlatforms) = preSolution
		Debug|Any CPU = Debug|Any CPU
		Release|Any CPU = Release|Any CPU
	EndGlobalSection
	GlobalSection(ProjectConfigurationPlatforms) = postSolution
		{F163199C-39E5-47E1-BF31-B15A59E02032}.Debug|Any CPU.ActiveCfg = Debug|Any CPU
		{F163199C-39E5-47E1-BF31-B15A59E02032}.Debug|Any CPU.Build.0 = Debug|Any CPU
		{F163199C-39E5-47E1-BF31-B15A59E02032}.Release|Any CPU.ActiveCfg = Release|Any CPU
		{F163199C-39E5-47E1-BF31-B15A59E02032}.Release|Any CPU.Build.0 = Release|Any CPU
	EndGlobalSection
	GlobalSection(SolutionProperties) = preSolution
		HideSolutionNode = FALSE
	EndGlobalSection
	GlobalSection(ExtensibilityGlobals) = postSolution
		SolutionGuid = {FD5811F8-A467-4501-BA0D-739091DAA77E}
	EndGlobalSection
EndGlobal
